
Microsoft Visual Studio Solution File, Format Version 12.00
# Visual Studio Version 16
VisualStudioVersion = 16.0.31424.327
MinimumVisualStudioVersion = 10.0.40219.1
Project("{FAE04EC0-301F-11D3-BF4B-00C04F79EFBC}") = "mvckampi", "mvckampi\mvckampi.csproj", "{E1362C7B-750F-426A-8699-25E11C0B2C1A}"
EndProject
Project("{FAE04EC0-301F-11D3-BF4B-00C04F79EFBC}") = "EntityLayer", "EntityLayer\EntityLayer.csproj", "{16AA226E-08F9-4879-8A89-4AA806781980}"
EndProject
Project("{FAE04EC0-301F-11D3-BF4B-00C04F79EFBC}") = "DataAccessLayer", "DataAccessLayer\DataAccessLayer.csproj", "{A3AB2F2D-CF21-4D1F-A7BA-A0C989755FBD}"
EndProject
Project("{FAE04EC0-301F-11D3-BF4B-00C04F79EFBC}") = "BussinessLayer", "BussinessLayer\BussinessLayer.csproj", "{67F0B734-D639-4D49-9A9A-D1C14DDFB8D8}"
EndProject
Global
	GlobalSection(SolutionConfigurationPlatforms) = preSolution
		Debug|Any CPU = Debug|Any CPU
		Release|Any CPU = Release|Any CPU
	EndGlobalSection
	GlobalSection(ProjectConfigurationPlatforms) = postSolution
		{E1362C7B-750F-426A-8699-25E11C0B2C1A}.Debug|Any CPU.ActiveCfg = Debug|Any CPU
		{E1362C7B-750F-426A-8699-25E11C0B2C1A}.Debug|Any CPU.Build.0 = Debug|Any CPU
		{E1362C7B-750F-426A-8699-25E11C0B2C1A}.Release|Any CPU.ActiveCfg = Release|Any CPU
		{E1362C7B-750F-426A-8699-25E11C0B2C1A}.Release|Any CPU.Build.0 = Release|Any CPU
		{16AA226E-08F9-4879-8A89-4AA806781980}.Debug|Any CPU.ActiveCfg = Debug|Any CPU
		{16AA226E-08F9-4879-8A89-4AA806781980}.Debug|Any CPU.Build.0 = Debug|Any CPU
		{16AA226E-08F9-4879-8A89-4AA806781980}.Release|Any CPU.ActiveCfg = Release|Any CPU
		{16AA226E-08F9-4879-8A89-4AA806781980}.Release|Any CPU.Build.0 = Release|Any CPU
		{A3AB2F2D-CF21-4D1F-A7BA-A0C989755FBD}.Debug|Any CPU.ActiveCfg = Debug|Any CPU
		{A3AB2F2D-CF21-4D1F-A7BA-A0C989755FBD}.Debug|Any CPU.Build.0 = Debug|Any CPU
		{A3AB2F2D-CF21-4D1F-A7BA-A0C989755FBD}.Release|Any CPU.ActiveCfg = Release|Any CPU
		{A3AB2F2D-CF21-4D1F-A7BA-A0C989755FBD}.Release|Any CPU.Build.0 = Release|Any CPU
		{67F0B734-D639-4D49-9A9A-D1C14DDFB8D8}.Debug|Any CPU.ActiveCfg = Debug|Any CPU
		{67F0B734-D639-4D49-9A9A-D1C14DDFB8D8}.Debug|Any CPU.Build.0 = Debug|Any CPU
		{67F0B734-D639-4D49-9A9A-D1C14DDFB8D8}.Release|Any CPU.ActiveCfg = Release|Any CPU
		{67F0B734-D639-4D49-9A9A-D1C14DDFB8D8}.Release|Any CPU.Build.0 = Release|Any CPU
	EndGlobalSection
	GlobalSection(SolutionProperties) = preSolution
		HideSolutionNode = FALSE
	EndGlobalSection
	GlobalSection(ExtensibilityGlobals) = postSolution
		SolutionGuid = {77439BAE-505A-4CF5-9005-EC3D36070393}
	EndGlobalSection
EndGlobal
